
Microsoft Visual Studio Solution File, Format Version 12.00
# Visual Studio 15
VisualStudioVersion = 15.0.26124.0
MinimumVisualStudioVersion = 15.0.26124.0
Project("{F2A71F9B-5D33-465A-A702-920D77279786}") = "day1", "day1\day1.fsproj", "{E8350BAA-9828-49FF-B8A7-B9ED70355F08}"
EndProject
Project("{F2A71F9B-5D33-465A-A702-920D77279786}") = "day2", "day2\day2.fsproj", "{13E69A1C-DB3A-4FCD-A68B-389AA030F42A}"
EndProject
Project("{F2A71F9B-5D33-465A-A702-920D77279786}") = "day3", "day3\day3.fsproj", "{EA5D8DE0-AABD-43DB-A5C5-5DAEF06F3B9B}"
EndProject
Global
	GlobalSection(SolutionConfigurationPlatforms) = preSolution
		Debug|Any CPU = Debug|Any CPU
		Debug|x64 = Debug|x64
		Debug|x86 = Debug|x86
		Release|Any CPU = Release|Any CPU
		Release|x64 = Release|x64
		Release|x86 = Release|x86
	EndGlobalSection
	GlobalSection(SolutionProperties) = preSolution
		HideSolutionNode = FALSE
	EndGlobalSection
	GlobalSection(ProjectConfigurationPlatforms) = postSolution
		{E8350BAA-9828-49FF-B8A7-B9ED70355F08}.Debug|Any CPU.ActiveCfg = Debug|Any CPU
		{E8350BAA-9828-49FF-B8A7-B9ED70355F08}.Debug|Any CPU.Build.0 = Debug|Any CPU
		{E8350BAA-9828-49FF-B8A7-B9ED70355F08}.Debug|x64.ActiveCfg = Debug|Any CPU
		{E8350BAA-9828-49FF-B8A7-B9ED70355F08}.Debug|x64.Build.0 = Debug|Any CPU
		{E8350BAA-9828-49FF-B8A7-B9ED70355F08}.Debug|x86.ActiveCfg = Debug|Any CPU
		{E8350BAA-9828-49FF-B8A7-B9ED70355F08}.Debug|x86.Build.0 = Debug|Any CPU
		{E8350BAA-9828-49FF-B8A7-B9ED70355F08}.Release|Any CPU.ActiveCfg = Release|Any CPU
		{E8350BAA-9828-49FF-B8A7-B9ED70355F08}.Release|Any CPU.Build.0 = Release|Any CPU
		{E8350BAA-9828-49FF-B8A7-B9ED70355F08}.Release|x64.ActiveCfg = Release|Any CPU
		{E8350BAA-9828-49FF-B8A7-B9ED70355F08}.Release|x64.Build.0 = Release|Any CPU
		{E8350BAA-9828-49FF-B8A7-B9ED70355F08}.Release|x86.ActiveCfg = Release|Any CPU
		{E8350BAA-9828-49FF-B8A7-B9ED70355F08}.Release|x86.Build.0 = Release|Any CPU
		{13E69A1C-DB3A-4FCD-A68B-389AA030F42A}.Debug|Any CPU.ActiveCfg = Debug|Any CPU
		{13E69A1C-DB3A-4FCD-A68B-389AA030F42A}.Debug|Any CPU.Build.0 = Debug|Any CPU
		{13E69A1C-DB3A-4FCD-A68B-389AA030F42A}.Debug|x64.ActiveCfg = Debug|Any CPU
		{13E69A1C-DB3A-4FCD-A68B-389AA030F42A}.Debug|x64.Build.0 = Debug|Any CPU
		{13E69A1C-DB3A-4FCD-A68B-389AA030F42A}.Debug|x86.ActiveCfg = Debug|Any CPU
		{13E69A1C-DB3A-4FCD-A68B-389AA030F42A}.Debug|x86.Build.0 = Debug|Any CPU
		{13E69A1C-DB3A-4FCD-A68B-389AA030F42A}.Release|Any CPU.ActiveCfg = Release|Any CPU
		{13E69A1C-DB3A-4FCD-A68B-389AA030F42A}.Release|Any CPU.Build.0 = Release|Any CPU
		{13E69A1C-DB3A-4FCD-A68B-389AA030F42A}.Release|x64.ActiveCfg = Release|Any CPU
		{13E69A1C-DB3A-4FCD-A68B-389AA030F42A}.Release|x64.Build.0 = Release|Any CPU
		{13E69A1C-DB3A-4FCD-A68B-389AA030F42A}.Release|x86.ActiveCfg = Release|Any CPU
		{13E69A1C-DB3A-4FCD-A68B-389AA030F42A}.Release|x86.Build.0 = Release|Any CPU
		{EA5D8DE0-AABD-43DB-A5C5-5DAEF06F3B9B}.Debug|Any CPU.ActiveCfg = Debug|Any CPU
		{EA5D8DE0-AABD-43DB-A5C5-5DAEF06F3B9B}.Debug|Any CPU.Build.0 = Debug|Any CPU
		{EA5D8DE0-AABD-43DB-A5C5-5DAEF06F3B9B}.Debug|x64.ActiveCfg = Debug|Any CPU
		{EA5D8DE0-AABD-43DB-A5C5-5DAEF06F3B9B}.Debug|x64.Build.0 = Debug|Any CPU
		{EA5D8DE0-AABD-43DB-A5C5-5DAEF06F3B9B}.Debug|x86.ActiveCfg = Debug|Any CPU
		{EA5D8DE0-AABD-43DB-A5C5-5DAEF06F3B9B}.Debug|x86.Build.0 = Debug|Any CPU
		{EA5D8DE0-AABD-43DB-A5C5-5DAEF06F3B9B}.Release|Any CPU.ActiveCfg = Release|Any CPU
		{EA5D8DE0-AABD-43DB-A5C5-5DAEF06F3B9B}.Release|Any CPU.Build.0 = Release|Any CPU
		{EA5D8DE0-AABD-43DB-A5C5-5DAEF06F3B9B}.Release|x64.ActiveCfg = Release|Any CPU
		{EA5D8DE0-AABD-43DB-A5C5-5DAEF06F3B9B}.Release|x64.Build.0 = Release|Any CPU
		{EA5D8DE0-AABD-43DB-A5C5-5DAEF06F3B9B}.Release|x86.ActiveCfg = Release|Any CPU
		{EA5D8DE0-AABD-43DB-A5C5-5DAEF06F3B9B}.Release|x86.Build.0 = Release|Any CPU
	EndGlobalSection
EndGlobal
